{
  "name": "esprojects",
  "lockfileVersion": 2,
  "requires": true,
  "packages": {
    "": {
      "dependencies": {
        "fp-ts": "^2.16.0",
        "json5": "^2.2.3"
      }
    },
    "node_modules/fp-ts": {
      "version": "2.16.0",
      "resolved": "https://registry.npmjs.org/fp-ts/-/fp-ts-2.16.0.tgz",
      "integrity": "sha512-bLq+KgbiXdTEoT1zcARrWEpa5z6A/8b7PcDW7Gef3NSisQ+VS7ll2Xbf1E+xsgik0rWub/8u0qP/iTTjj+PhxQ=="
    },
    "node_modules/json5": {
      "version": "2.2.3",
      "resolved": "https://registry.npmjs.org/json5/-/json5-2.2.3.tgz",
      "integrity": "sha512-XmOWe7eyHYH14cLdVPoyg+GOH3rYX++KpzrylJwSW98t3Nk+U8XOl8FWKOgwtzdb8lXGf6zYwDUzeHMWfxasyg==",
      "bin": {
        "json5": "lib/cli.js"
      },
      "engines": {
        "node": ">=6"
      }
    }
  },
  "dependencies": {
    "fp-ts": {
      "version": "2.16.0",
      "resolved": "https://registry.npmjs.org/fp-ts/-/fp-ts-2.16.0.tgz",
      "integrity": "sha512-bLq+KgbiXdTEoT1zcARrWEpa5z6A/8b7PcDW7Gef3NSisQ+VS7ll2Xbf1E+xsgik0rWub/8u0qP/iTTjj+PhxQ=="
    },
    "json5": {
      "version": "2.2.3",
      "resolved": "https://registry.npmjs.org/json5/-/json5-2.2.3.tgz",
      "integrity": "sha512-XmOWe7eyHYH14cLdVPoyg+GOH3rYX++KpzrylJwSW98t3Nk+U8XOl8FWKOgwtzdb8lXGf6zYwDUzeHMWfxasyg=="
    }
  }
}
